hash: e804db3c0689aa3edf8a4d0567831ff4ec63312a7a425a31ed51731fb13373f5
updated: 2016-03-09T15:59:45.849842022+01:00
imports:
- name: github.com/boltdb/bolt
  version: b514920f8f2e0a68f857e5a12c774f385a59aef9
- name: github.com/BurntSushi/toml
  version: bbd5bb678321a0d6e58f1099321dfa73391c1b6f
- name: github.com/goburrow/modbus
  version: 2abd4f3eb317bb103b1943a9edc24fc39c69a9a0
- name: github.com/goburrow/serial
  version: 709ae907b909ef40d069bb36d5f46c83f3fac5bd
- name: github.com/gorilla/context
  version: 1ea25387ff6f684839d82767c1733ff4d4d15d0a
- name: github.com/gorilla/mux
  version: acf3be1b335c8ce30b2c8d51300984666f0ceefa
- name: github.com/gorilla/securecookie
  version: 8dacca26977607e637262eb66b15b7d39f2d3009
- name: github.com/gorilla/sessions
  version: 8cd570d8b4ed84b18bca9d8c3ae2db55885ccd8b
- name: github.com/gorilla/websocket
  version: c45a635370221f34fea2d5163fd156fcb4e38e8a
- name: github.com/lib/pq
  version: 165a3529e799da61ab10faed1fabff3662d6193f
  subpackages:
  - oid
- name: github.com/mattn/go-runewidth
  version: d037b52ae5c0338c2bb18da01fb7ddf0e8be9aa1
- name: github.com/mysmartgrid/gosdm630
  version: 86eb43b315da162ceaf8e7756ab2c3e52ac89b52
- name: github.com/mysmartgrid/msg2api
  version: 26e25a44529bd9450661171c4b4058649d85ba25
- name: github.com/olekukonko/tablewriter
  version: cca8bbc0798408af109aaaa239cbd2634846b340
- name: github.com/zfjagann/golang-ring
  version: 17637388c9f6665e2f475e4beec439e6fc19fee9
- name: golang.org/x/crypto
  version: 5dc8cb4b8a8eb076cbb5a06bc3b8682c15bdbbd3
  subpackages:
  - bcrypt
  - blowfish
- name: golang.org/x/sys
  version: 7a56174f0086b32866ebd746a794417edbc678a1
  subpackages:
  - unix
devImports: []
