hash: e804db3c0689aa3edf8a4d0567831ff4ec63312a7a425a31ed51731fb13373f5
updated: 2016-03-02T14:55:54.744968088+01:00
imports:
- name: github.com/boltdb/bolt
  version: 9af8da5df3ab9ed7e8984cdfa97657ad9e60fc5f
- name: github.com/BurntSushi/toml
  version: a4eecd407cf4129fc902ece859a0114e4cf1a7f4
- name: github.com/goburrow/modbus
  version: 2abd4f3eb317bb103b1943a9edc24fc39c69a9a0
- name: github.com/goburrow/serial
  version: 709ae907b909ef40d069bb36d5f46c83f3fac5bd
- name: github.com/gorilla/context
  version: 1ea25387ff6f684839d82767c1733ff4d4d15d0a
- name: github.com/gorilla/mux
  version: c9e326e2bdec29039a3761c07bece13133863e1e
- name: github.com/gorilla/securecookie
  version: 8dacca26977607e637262eb66b15b7d39f2d3009
- name: github.com/gorilla/sessions
  version: 8cd570d8b4ed84b18bca9d8c3ae2db55885ccd8b
- name: github.com/gorilla/websocket
  version: 5c91b59efa232fa9a87b705d54101832c498a172
- name: github.com/lib/pq
  version: e182dc4027e2ded4b19396d638610f2653295f36
  subpackages:
  - oid
- name: github.com/mattn/go-runewidth
  version: d037b52ae5c0338c2bb18da01fb7ddf0e8be9aa1
- name: github.com/mysmartgrid/gosdm630
  version: 86eb43b315da162ceaf8e7756ab2c3e52ac89b52
- name: github.com/mysmartgrid/msg2api
  version: 3e52717707a1413f696062cad71f6cde3407e173
- name: github.com/olekukonko/tablewriter
  version: cca8bbc0798408af109aaaa239cbd2634846b340
- name: github.com/zfjagann/golang-ring
  version: 17637388c9f6665e2f475e4beec439e6fc19fee9
- name: golang.org/x/crypto
  version: 5dc8cb4b8a8eb076cbb5a06bc3b8682c15bdbbd3
  subpackages:
  - bcrypt
  - blowfish
- name: golang.org/x/sys
  version: 54535356f1d989a6072b0898d9ddc4dd7009dcd3
  subpackages:
  - unix
devImports: []
